
Microsoft Visual Studio Solution File, Format Version 12.00
# Visual Studio Version 16
VisualStudioVersion = 16.0.29318.209
MinimumVisualStudioVersion = 10.0.40219.1
Project("{FAE04EC0-301F-11D3-BF4B-00C04F79EFBC}") = "ing-api", "ing-api\ing-api.csproj", "{91D9EA56-6A27-40BC-A2A7-302C79776A43}"
EndProject
Global
	GlobalSection(SolutionConfigurationPlatforms) = preSolution
		Debug|Any CPU = Debug|Any CPU
		Release|Any CPU = Release|Any CPU
	EndGlobalSection
	GlobalSection(ProjectConfigurationPlatforms) = postSolution
		{91D9EA56-6A27-40BC-A2A7-302C79776A43}.Debug|Any CPU.ActiveCfg = Debug|Any CPU
		{91D9EA56-6A27-40BC-A2A7-302C79776A43}.Debug|Any CPU.Build.0 = Debug|Any CPU
		{91D9EA56-6A27-40BC-A2A7-302C79776A43}.Release|Any CPU.ActiveCfg = Release|Any CPU
		{91D9EA56-6A27-40BC-A2A7-302C79776A43}.Release|Any CPU.Build.0 = Release|Any CPU
	EndGlobalSection
	GlobalSection(SolutionProperties) = preSolution
		HideSolutionNode = FALSE
	EndGlobalSection
	GlobalSection(ExtensibilityGlobals) = postSolution
		SolutionGuid = {CA1E2E2C-DF84-42C7-9DDC-3E73A8F2964C}
	EndGlobalSection
EndGlobal
